
Microsoft Visual Studio Solution File, Format Version 12.00
# Visual Studio 14
VisualStudioVersion = 14.0.25123.0
MinimumVisualStudioVersion = 10.0.40219.1
Project("{F2A71F9B-5D33-465A-A702-920D77279786}") = "RussianDinner", "RussianDinner\RussianDinner.fsproj", "{77181F72-6EB1-4EB7-9049-3D3CC3F970D1}"
EndProject
Global
	GlobalSection(SolutionConfigurationPlatforms) = preSolution
		Debug|Any CPU = Debug|Any CPU
		Release|Any CPU = Release|Any CPU
	EndGlobalSection
	GlobalSection(ProjectConfigurationPlatforms) = postSolution
		{77181F72-6EB1-4EB7-9049-3D3CC3F970D1}.Debug|Any CPU.ActiveCfg = Debug|Any CPU
		{77181F72-6EB1-4EB7-9049-3D3CC3F970D1}.Debug|Any CPU.Build.0 = Debug|Any CPU
		{77181F72-6EB1-4EB7-9049-3D3CC3F970D1}.Release|Any CPU.ActiveCfg = Release|Any CPU
		{77181F72-6EB1-4EB7-9049-3D3CC3F970D1}.Release|Any CPU.Build.0 = Release|Any CPU
	EndGlobalSection
	GlobalSection(SolutionProperties) = preSolution
		HideSolutionNode = FALSE
	EndGlobalSection
EndGlobal
